// !$*UTF8*$!
{
	archiveVersion = 1;
	classes = {
	};
	objectVersion = 46;
	objects = {

/* Begin PBXBuildFile section */
		7A2A15A81976EB9E00F6305E /* Foundation.framework in Frameworks */ = {isa = PBXBuildFile; fileRef = 7A2A15A71976EB9E00F6305E /* Foundation.framework */; };
		7A2A15AA1976EB9E00F6305E /* CoreGraphics.framework in Frameworks */ = {isa = PBXBuildFile; fileRef = 7A2A15A91976EB9E00F6305E /* CoreGraphics.framework */; };
		7A2A15AC1976EB9E00F6305E /* UIKit.framework in Frameworks */ = {isa = PBXBuildFile; fileRef = 7A2A15AB1976EB9E00F6305E /* UIKit.framework */; };
		7A2A15AE1976EB9E00F6305E /* CoreData.framework in Frameworks */ = {isa = PBXBuildFile; fileRef = 7A2A15AD1976EB9E00F6305E /* CoreData.framework */; };
		7A2A15B41976EB9E00F6305E /* InfoPlist.strings in Resources */ = {isa = PBXBuildFile; fileRef = 7A2A15B21976EB9E00F6305E /* InfoPlist.strings */; };
		7A2A15B61976EB9E00F6305E /* main.m in Sources */ = {isa = PBXBuildFile; fileRef = 7A2A15B51976EB9E00F6305E /* main.m */; };
		7A2A15BA1976EB9E00F6305E /* AppDelegate.m in Sources */ = {isa = PBXBuildFile; fileRef = 7A2A15B91976EB9E00F6305E /* AppDelegate.m */; };
		7A2A15BD1976EB9E00F6305E /* Main.storyboard in Resources */ = {isa = PBXBuildFile; fileRef = 7A2A15BB1976EB9E00F6305E /* Main.storyboard */; };
		7A2A15C01976EB9E00F6305E /* ControllingSource.xcdatamodeld in Sources */ = {isa = PBXBuildFile; fileRef = 7A2A15BE1976EB9E00F6305E /* ControllingSource.xcdatamodeld */; };
		7A2A15C31976EB9E00F6305E /* MasterViewController.m in Sources */ = {isa = PBXBuildFile; fileRef = 7A2A15C21976EB9E00F6305E /* MasterViewController.m */; };
		7A2A15C61976EB9E00F6305E /* DetailViewController.m in Sources */ = {isa = PBXBuildFile; fileRef = 7A2A15C51976EB9E00F6305E /* DetailViewController.m */; };
		7A2A15C81976EB9E00F6305E /* Images.xcassets in Resources */ = {isa = PBXBuildFile; fileRef = 7A2A15C71976EB9E00F6305E /* Images.xcassets */; };
		7A2A15CF1976EB9E00F6305E /* XCTest.framework in Frameworks */ = {isa = PBXBuildFile; fileRef = 7A2A15CE1976EB9E00F6305E /* XCTest.framework */; };
		7A2A15D01976EB9E00F6305E /* Foundation.framework in Frameworks */ = {isa = PBXBuildFile; fileRef = 7A2A15A71976EB9E00F6305E /* Foundation.framework */; };
		7A2A15D11976EB9E00F6305E /* UIKit.framework in Frameworks */ = {isa = PBXBuildFile; fileRef = 7A2A15AB1976EB9E00F6305E /* UIKit.framework */; };
		7A2A15D21976EB9E00F6305E /* CoreData.framework in Frameworks */ = {isa = PBXBuildFile; fileRef = 7A2A15AD1976EB9E00F6305E /* CoreData.framework */; };
		7A2A15DA1976EB9E00F6305E /* InfoPlist.strings in Resources */ = {isa = PBXBuildFile; fileRef = 7A2A15D81976EB9E00F6305E /* InfoPlist.strings */; };
		7A2A15DC1976EB9E00F6305E /* ControllingSourceTests.m in Sources */ = {isa = PBXBuildFile; fileRef = 7A2A15DB1976EB9E00F6305E /* ControllingSourceTests.m */; };
/* End PBXBuildFile section */

/* Begin PBXContainerItemProxy section */
		7A2A15D31976EB9E00F6305E /* PBXContainerItemProxy */ = {
			isa = PBXContainerItemProxy;
			containerPortal = 7A2A159C1976EB9E00F6305E /* Project object */;
			proxyType = 1;
			remoteGlobalIDString = 7A2A15A31976EB9E00F6305E;
			remoteInfo = ControllingSource;
		};
/* End PBXContainerItemProxy section */

/* Begin PBXFileReference section */
		7A2A15A41976EB9E00F6305E /* ControllingSource.app */ = {isa = PBXFileReference; explicitFileType = wrapper.application; includeInIndex = 0; path = ControllingSource.app; sourceTree = BUILT_PRODUCTS_DIR; };
		7A2A15A71976EB9E00F6305E /* Foundation.framework */ = {isa = PBXFileReference; lastKnownFileType = wrapper.framework; name = Foundation.framework; path = System/Library/Frameworks/Foundation.framework; sourceTree = SDKROOT; };
		7A2A15A91976EB9E00F6305E /* CoreGraphics.framework */ = {isa = PBXFileReference; lastKnownFileType = wrapper.framework; name = CoreGraphics.framework; path = System/Library/Frameworks/CoreGraphics.framework; sourceTree = SDKROOT; };
		7A2A15AB1976EB9E00F6305E /* UIKit.framework */ = {isa = PBXFileReference; lastKnownFileType = wrapper.framework; name = UIKit.framework; path = System/Library/Frameworks/UIKit.framework; sourceTree = SDKROOT; };
		7A2A15AD1976EB9E00F6305E /* CoreData.framework */ = {isa = PBXFileReference; lastKnownFileType = wrapper.framework; name = CoreData.framework; path = System/Library/Frameworks/CoreData.framework; sourceTree = SDKROOT; };
		7A2A15B11976EB9E00F6305E /* ControllingSource-Info.plist */ = {isa = PBXFileReference; lastKnownFileType = text.plist.xml; path = "ControllingSource-Info.plist"; sourceTree = "<group>"; };
		7A2A15B31976EB9E00F6305E /* en */ = {isa = PBXFileReference; lastKnownFileType = text.plist.strings; name = en; path = en.lproj/InfoPlist.strings; sourceTree = "<group>"; };
		7A2A15B51976EB9E00F6305E /* main.m */ = {isa = PBXFileReference; lastKnownFileType = sourcecode.c.objc; path = main.m; sourceTree = "<group>"; };
		7A2A15B71976EB9E00F6305E /* ControllingSource-Prefix.pch */ = {isa = PBXFileReference; lastKnownFileType = sourcecode.c.h; path = "ControllingSource-Prefix.pch"; sourceTree = "<group>"; };
		7A2A15B81976EB9E00F6305E /* AppDelegate.h */ = {isa = PBXFileReference; lastKnownFileType = sourcecode.c.h; path = AppDelegate.h; sourceTree = "<group>"; };
		7A2A15B91976EB9E00F6305E /* AppDelegate.m */ = {isa = PBXFileReference; lastKnownFileType = sourcecode.c.objc; path = AppDelegate.m; sourceTree = "<group>"; };
		7A2A15BC1976EB9E00F6305E /* Base */ = {isa = PBXFileReference; lastKnownFileType = file.storyboard; name = Base; path = Base.lproj/Main.storyboard; sourceTree = "<group>"; };
		7A2A15BF1976EB9E00F6305E /* ControllingSource.xcdatamodel */ = {isa = PBXFileReference; lastKnownFileType = wrapper.xcdatamodel; path = ControllingSource.xcdatamodel; sourceTree = "<group>"; };
		7A2A15C11976EB9E00F6305E /* MasterViewController.h */ = {isa = PBXFileReference; lastKnownFileType = sourcecode.c.h; path = MasterViewController.h; sourceTree = "<group>"; };
		7A2A15C21976EB9E00F6305E /* MasterViewController.m */ = {isa = PBXFileReference; lastKnownFileType = sourcecode.c.objc; path = MasterViewController.m; sourceTree = "<group>"; };
		7A2A15C41976EB9E00F6305E /* DetailViewController.h */ = {isa = PBXFileReference; lastKnownFileType = sourcecode.c.h; path = DetailViewController.h; sourceTree = "<group>"; };
		7A2A15C51976EB9E00F6305E /* DetailViewController.m */ = {isa = PBXFileReference; lastKnownFileType = sourcecode.c.objc; path = DetailViewController.m; sourceTree = "<group>"; };
		7A2A15C71976EB9E00F6305E /* Images.xcassets */ = {isa = PBXFileReference; lastKnownFileType = folder.assetcatalog; path = Images.xcassets; sourceTree = "<group>"; };
		7A2A15CD1976EB9E00F6305E /* ControllingSourceTests.xctest */ = {isa = PBXFileReference; explicitFileType = wrapper.cfbundle; includeInIndex = 0; path = ControllingSourceTests.xctest; sourceTree = BUILT_PRODUCTS_DIR; };
		7A2A15CE1976EB9E00F6305E /* XCTest.framework */ = {isa = PBXFileReference; lastKnownFileType = wrapper.framework; name = XCTest.framework; path = Library/Frameworks/XCTest.framework; sourceTree = DEVELOPER_DIR; };
		7A2A15D71976EB9E00F6305E /* ControllingSourceTests-Info.plist */ = {isa = PBXFileReference; lastKnownFileType = text.plist.xml; path = "ControllingSourceTests-Info.plist"; sourceTree = "<group>"; };
		7A2A15D91976EB9E00F6305E /* en */ = {isa = PBXFileReference; lastKnownFileType = text.plist.strings; name = en; path = en.lproj/InfoPlist.strings; sourceTree = "<group>"; };
		7A2A15DB1976EB9E00F6305E /* ControllingSourceTests.m */ = {isa = PBXFileReference; lastKnownFileType = sourcecode.c.objc; path = ControllingSourceTests.m; sourceTree = "<group>"; };
/* End PBXFileReference section */

/* Begin PBXFrameworksBuildPhase section */
		7A2A15A11976EB9E00F6305E /* Frameworks */ = {
			isa = PBXFrameworksBuildPhase;
			buildActionMask = 2147483647;
			files = (
				7A2A15AA1976EB9E00F6305E /* CoreGraphics.framework in Frameworks */,
				7A2A15AE1976EB9E00F6305E /* CoreData.framework in Frameworks */,
				7A2A15AC1976EB9E00F6305E /* UIKit.framework in Frameworks */,
				7A2A15A81976EB9E00F6305E /* Foundation.framework in Frameworks */,
			);
			runOnlyForDeploymentPostprocessing = 0;
		};
		7A2A15CA1976EB9E00F6305E /* Frameworks */ = {
			isa = PBXFrameworksBuildPhase;
			buildActionMask = 2147483647;
			files = (
				7A2A15CF1976EB9E00F6305E /* XCTest.framework in Frameworks */,
				7A2A15D21976EB9E00F6305E /* CoreData.framework in Frameworks */,
				7A2A15D11976EB9E00F6305E /* UIKit.framework in Frameworks */,
				7A2A15D01976EB9E00F6305E /* Foundation.framework in Frameworks */,
			);
			runOnlyForDeploymentPostprocessing = 0;
		};
/* End PBXFrameworksBuildPhase section */

/* Begin PBXGroup section */
		7A2A159B1976EB9E00F6305E = {
			isa = PBXGroup;
			children = (
				7A2A15AF1976EB9E00F6305E /* ControllingSource */,
				7A2A15D51976EB9E00F6305E /* ControllingSourceTests */,
				7A2A15A61976EB9E00F6305E /* Frameworks */,
				7A2A15A51976EB9E00F6305E /* Products */,
			);
			sourceTree = "<group>";
		};
		7A2A15A51976EB9E00F6305E /* Products */ = {
			isa = PBXGroup;
			children = (
				7A2A15A41976EB9E00F6305E /* ControllingSource.app */,
				7A2A15CD1976EB9E00F6305E /* ControllingSourceTests.xctest */,
			);
			name = Products;
			sourceTree = "<group>";
		};
		7A2A15A61976EB9E00F6305E /* Frameworks */ = {
			isa = PBXGroup;
			children = (
				7A2A15A71976EB9E00F6305E /* Foundation.framework */,
				7A2A15A91976EB9E00F6305E /* CoreGraphics.framework */,
				7A2A15AB1976EB9E00F6305E /* UIKit.framework */,
				7A2A15AD1976EB9E00F6305E /* CoreData.framework */,
				7A2A15CE1976EB9E00F6305E /* XCTest.framework */,
			);
			name = Frameworks;
			sourceTree = "<group>";
		};
		7A2A15AF1976EB9E00F6305E /* ControllingSource */ = {
			isa = PBXGroup;
			children = (
				7A2A15B81976EB9E00F6305E /* AppDelegate.h */,
				7A2A15B91976EB9E00F6305E /* AppDelegate.m */,
				7A2A15E61976EEF800F6305E /* Resources */,
				7A2A15E51976ED9D00F6305E /* View Controllers */,
				7A2A15B01976EB9E00F6305E /* Supporting Files */,
			);
			path = ControllingSource;
			sourceTree = "<group>";
		};
		7A2A15B01976EB9E00F6305E /* Supporting Files */ = {
			isa = PBXGroup;
			children = (
				7A2A15B11976EB9E00F6305E /* ControllingSource-Info.plist */,
				7A2A15B21976EB9E00F6305E /* InfoPlist.strings */,
				7A2A15B51976EB9E00F6305E /* main.m */,
				7A2A15B71976EB9E00F6305E /* ControllingSource-Prefix.pch */,
			);
			name = "Supporting Files";
			sourceTree = "<group>";
		};
		7A2A15D51976EB9E00F6305E /* ControllingSourceTests */ = {
			isa = PBXGroup;
			children = (
				7A2A15DB1976EB9E00F6305E /* ControllingSourceTests.m */,
				7A2A15D61976EB9E00F6305E /* Supporting Files */,
			);
			path = ControllingSourceTests;
			sourceTree = "<group>";
		};
		7A2A15D61976EB9E00F6305E /* Supporting Files */ = {
			isa = PBXGroup;
			children = (
				7A2A15D71976EB9E00F6305E /* ControllingSourceTests-Info.plist */,
				7A2A15D81976EB9E00F6305E /* InfoPlist.strings */,
			);
			name = "Supporting Files";
			sourceTree = "<group>";
		};
		7A2A15E51976ED9D00F6305E /* View Controllers */ = {
			isa = PBXGroup;
			children = (
				7A2A15C11976EB9E00F6305E /* MasterViewController.h */,
				7A2A15C21976EB9E00F6305E /* MasterViewController.m */,
				7A2A15C41976EB9E00F6305E /* DetailViewController.h */,
				7A2A15C51976EB9E00F6305E /* DetailViewController.m */,
			);
			name = "View Controllers";
			sourceTree = "<group>";
		};
		7A2A15E61976EEF800F6305E /* Resources */ = {
			isa = PBXGroup;
			children = (
				7A2A15BB1976EB9E00F6305E /* Main.storyboard */,
				7A2A15C71976EB9E00F6305E /* Images.xcassets */,
				7A2A15BE1976EB9E00F6305E /* ControllingSource.xcdatamodeld */,
			);
			name = Resources;
			sourceTree = "<group>";
		};
/* End PBXGroup section */

/* Begin PBXNativeTarget section */
		7A2A15A31976EB9E00F6305E /* ControllingSource */ = {
			isa = PBXNativeTarget;
			buildConfigurationList = 7A2A15DF1976EB9E00F6305E /* Build configuration list for PBXNativeTarget "ControllingSource" */;
			buildPhases = (
				7A2A15A01976EB9E00F6305E /* Sources */,
				7A2A15A11976EB9E00F6305E /* Frameworks */,
				7A2A15A21976EB9E00F6305E /* Resources */,
			);
			buildRules = (
			);
			dependencies = (
			);
			name = ControllingSource;
			productName = ControllingSource;
			productReference = 7A2A15A41976EB9E00F6305E /* ControllingSource.app */;
			productType = "com.apple.product-type.application";
		};
		7A2A15CC1976EB9E00F6305E /* ControllingSourceTests */ = {
			isa = PBXNativeTarget;
			buildConfigurationList = 7A2A15E21976EB9E00F6305E /* Build configuration list for PBXNativeTarget "ControllingSourceTests" */;
			buildPhases = (
				7A2A15C91976EB9E00F6305E /* Sources */,
				7A2A15CA1976EB9E00F6305E /* Frameworks */,
				7A2A15CB1976EB9E00F6305E /* Resources */,
			);
			buildRules = (
			);
			dependencies = (
				7A2A15D41976EB9E00F6305E /* PBXTargetDependency */,
			);
			name = ControllingSourceTests;
			productName = ControllingSourceTests;
			productReference = 7A2A15CD1976EB9E00F6305E /* ControllingSourceTests.xctest */;
			productType = "com.apple.product-type.bundle.unit-test";
		};
/* End PBXNativeTarget section */

/* Begin PBXProject section */
		7A2A159C1976EB9E00F6305E /* Project object */ = {
			isa = PBXProject;
			attributes = {
				LastUpgradeCheck = 0510;
				ORGANIZATIONNAME = "Francesco Biegi";
				TargetAttributes = {
					7A2A15CC1976EB9E00F6305E = {
						TestTargetID = 7A2A15A31976EB9E00F6305E;
					};
				};
			};
			buildConfigurationList = 7A2A159F1976EB9E00F6305E /* Build configuration list for PBXProject "ControllingSource" */;
			compatibilityVersion = "Xcode 3.2";
			developmentRegion = English;
			hasScannedForEncodings = 0;
			knownRegions = (
				en,
				Base,
			);
			mainGroup = 7A2A159B1976EB9E00F6305E;
			productRefGroup = 7A2A15A51976EB9E00F6305E /* Products */;
			projectDirPath = "";
			projectRoot = "";
			targets = (
				7A2A15A31976EB9E00F6305E /* ControllingSource */,
				7A2A15CC1976EB9E00F6305E /* ControllingSourceTests */,
			);
		};
/* End PBXProject section */

/* Begin PBXResourcesBuildPhase section */
		7A2A15A21976EB9E00F6305E /* Resources */ = {
			isa = PBXResourcesBuildPhase;
			buildActionMask = 2147483647;
			files = (
				7A2A15C81976EB9E00F6305E /* Images.xcassets in Resources */,
				7A2A15B41976EB9E00F6305E /* InfoPlist.strings in Resources */,
				7A2A15BD1976EB9E00F6305E /* Main.storyboard in Resources */,
			);
			runOnlyForDeploymentPostprocessing = 0;
		};
		7A2A15CB1976EB9E00F6305E /* Resources */ = {
			isa = PBXResourcesBuildPhase;
			buildActionMask = 2147483647;
			files = (
				7A2A15DA1976EB9E00F6305E /* InfoPlist.strings in Resources */,
			);
			runOnlyForDeploymentPostprocessing = 0;
		};
/* End PBXResourcesBuildPhase section */

/* Begin PBXSourcesBuildPhase section */
		7A2A15A01976EB9E00F6305E /* Sources */ = {
			isa = PBXSourcesBuildPhase;
			buildActionMask = 2147483647;
			files = (
				7A2A15C61976EB9E00F6305E /* DetailViewController.m in Sources */,
				7A2A15C31976EB9E00F6305E /* MasterViewController.m in Sources */,
				7A2A15C01976EB9E00F6305E /* ControllingSource.xcdatamodeld in Sources */,
				7A2A15BA1976EB9E00F6305E /* AppDelegate.m in Sources */,
				7A2A15B61976EB9E00F6305E /* main.m in Sources */,
			);
			runOnlyForDeploymentPostprocessing = 0;
		};
		7A2A15C91976EB9E00F6305E /* Sources */ = {
			isa = PBXSourcesBuildPhase;
			buildActionMask = 2147483647;
			files = (
				7A2A15DC1976EB9E00F6305E /* ControllingSourceTests.m in Sources */,
			);
			runOnlyForDeploymentPostprocessing = 0;
		};
/* End PBXSourcesBuildPhase section */

/* Begin PBXTargetDependency section */
		7A2A15D41976EB9E00F6305E /* PBXTargetDependency */ = {
			isa = PBXTargetDependency;
			target = 7A2A15A31976EB9E00F6305E /* ControllingSource */;
			targetProxy = 7A2A15D31976EB9E00F6305E /* PBXContainerItemProxy */;
		};
/* End PBXTargetDependency section */

/* Begin PBXVariantGroup section */
		7A2A15B21976EB9E00F6305E /* InfoPlist.strings */ = {
			isa = PBXVariantGroup;
			children = (
				7A2A15B31976EB9E00F6305E /* en */,
			);
			name = InfoPlist.strings;
			sourceTree = "<group>";
		};
		7A2A15BB1976EB9E00F6305E /* Main.storyboard */ = {
			isa = PBXVariantGroup;
			children = (
				7A2A15BC1976EB9E00F6305E /* Base */,
			);
			name = Main.storyboard;
			sourceTree = "<group>";
		};
		7A2A15D81976EB9E00F6305E /* InfoPlist.strings */ = {
			isa = PBXVariantGroup;
			children = (
				7A2A15D91976EB9E00F6305E /* en */,
			);
			name = InfoPlist.strings;
			sourceTree = "<group>";
		};
/* End PBXVariantGroup section */

/* Begin XCBuildConfiguration section */
		7A2A15DD1976EB9E00F6305E /* Debug */ = {
			isa = XCBuildConfiguration;
			buildSettings = {
				ALWAYS_SEARCH_USER_PATHS = NO;
				CLANG_CXX_LANGUAGE_STANDARD = "gnu++0x";
				CLANG_CXX_LIBRARY = "libc++";
				CLANG_ENABLE_MODULES = YES;
				CLANG_ENABLE_OBJC_ARC = YES;
				CLANG_WARN_BOOL_CONVERSION = YES;
				CLANG_WARN_CONSTANT_CONVERSION = YES;
				CLANG_WARN_DIRECT_OBJC_ISA_USAGE = YES_ERROR;
				CLANG_WARN_EMPTY_BODY = YES;
				CLANG_WARN_ENUM_CONVERSION = YES;
				CLANG_WARN_INT_CONVERSION = YES;
				CLANG_WARN_OBJC_ROOT_CLASS = YES_ERROR;
				CLANG_WARN__DUPLICATE_METHOD_MATCH = YES;
				"CODE_SIGN_IDENTITY[sdk=iphoneos*]" = "iPhone Developer";
				COPY_PHASE_STRIP = NO;
				GCC_C_LANGUAGE_STANDARD = gnu99;
				GCC_DYNAMIC_NO_PIC = NO;
				GCC_OPTIMIZATION_LEVEL = 0;
				GCC_PREPROCESSOR_DEFINITIONS = (
					"DEBUG=1",
					"$(inherited)",
				);
				GCC_SYMBOLS_PRIVATE_EXTERN = NO;
				GCC_WARN_64_TO_32_BIT_CONVERSION = YES;
				GCC_WARN_ABOUT_RETURN_TYPE = YES_ERROR;
				GCC_WARN_UNDECLARED_SELECTOR = YES;
				GCC_WARN_UNINITIALIZED_AUTOS = YES_AGGRESSIVE;
				GCC_WARN_UNUSED_FUNCTION = YES;
				GCC_WARN_UNUSED_VARIABLE = YES;
				IPHONEOS_DEPLOYMENT_TARGET = 7.1;
				ONLY_ACTIVE_ARCH = YES;
				SDKROOT = iphoneos;
			};
			name = Debug;
		};
		7A2A15DE1976EB9E00F6305E /* Release */ = {
			isa = XCBuildConfiguration;
			buildSettings = {
				ALWAYS_SEARCH_USER_PATHS = NO;
				CLANG_CXX_LANGUAGE_STANDARD = "gnu++0x";
				CLANG_CXX_LIBRARY = "libc++";
				CLANG_ENABLE_MODULES = YES;
				CLANG_ENABLE_OBJC_ARC = YES;
				CLANG_WARN_BOOL_CONVERSION = YES;
				CLANG_WARN_CONSTANT_CONVERSION = YES;
				CLANG_WARN_DIRECT_OBJC_ISA_USAGE = YES_ERROR;
				CLANG_WARN_EMPTY_BODY = YES;
				CLANG_WARN_ENUM_CONVERSION = YES;
				CLANG_WARN_INT_CONVERSION = YES;
				CLANG_WARN_OBJC_ROOT_CLASS = YES_ERROR;
				CLANG_WARN__DUPLICATE_METHOD_MATCH = YES;
				"CODE_SIGN_IDENTITY[sdk=iphoneos*]" = "iPhone Developer";
				COPY_PHASE_STRIP = YES;
				ENABLE_NS_ASSERTIONS = NO;
				GCC_C_LANGUAGE_STANDARD = gnu99;
				GCC_WARN_64_TO_32_BIT_CONVERSION = YES;
				GCC_WARN_ABOUT_RETURN_TYPE = YES_ERROR;
				GCC_WARN_UNDECLARED_SELECTOR = YES;
				GCC_WARN_UNINITIALIZED_AUTOS = YES_AGGRESSIVE;
				GCC_WARN_UNUSED_FUNCTION = YES;
				GCC_WARN_UNUSED_VARIABLE = YES;
				IPHONEOS_DEPLOYMENT_TARGET = 7.1;
				SDKROOT = iphoneos;
				VALIDATE_PRODUCT = YES;
			};
			name = Release;
		};
		7A2A15E01976EB9E00F6305E /* Debug */ = {
			isa = XCBuildConfiguration;
			buildSettings = {
				ASSETCATALOG_COMPILER_APPICON_NAME = AppIcon;
				ASSETCATALOG_COMPILER_LAUNCHIMAGE_NAME = LaunchImage;
				GCC_PRECOMPILE_PREFIX_HEADER = YES;
				GCC_PREFIX_HEADER = "ControllingSource/ControllingSource-Prefix.pch";
				INFOPLIST_FILE = "ControllingSource/ControllingSource-Info.plist";
				PRODUCT_NAME = "$(TARGET_NAME)";
				WRAPPER_EXTENSION = app;
			};
			name = Debug;
		};
		7A2A15E11976EB9E00F6305E /* Release */ = {
			isa = XCBuildConfiguration;
			buildSettings = {
				ASSETCATALOG_COMPILER_APPICON_NAME = AppIcon;
				ASSETCATALOG_COMPILER_LAUNCHIMAGE_NAME = LaunchImage;
				GCC_PRECOMPILE_PREFIX_HEADER = YES;
				GCC_PREFIX_HEADER = "ControllingSource/ControllingSource-Prefix.pch";
				INFOPLIST_FILE = "ControllingSource/ControllingSource-Info.plist";
				PRODUCT_NAME = "$(TARGET_NAME)";
				WRAPPER_EXTENSION = app;
			};
			name = Release;
		};
		7A2A15E31976EB9E00F6305E /* Debug */ = {
			isa = XCBuildConfiguration;
			buildSettings = {
				BUNDLE_LOADER = "$(BUILT_PRODUCTS_DIR)/ControllingSource.app/ControllingSource";
				FRAMEWORK_SEARCH_PATHS = (
					"$(SDKROOT)/Developer/Library/Frameworks",
					"$(inherited)",
					"$(DEVELOPER_FRAMEWORKS_DIR)",
				);
				GCC_PRECOMPILE_PREFIX_HEADER = YES;
				GCC_PREFIX_HEADER = "ControllingSource/ControllingSource-Prefix.pch";
				GCC_PREPROCESSOR_DEFINITIONS = (
					"DEBUG=1",
					"$(inherited)",
				);
				INFOPLIST_FILE = "ControllingSourceTests/ControllingSourceTests-Info.plist";
				PRODUCT_NAME = "$(TARGET_NAME)";
				TEST_HOST = "$(BUNDLE_LOADER)";
				WRAPPER_EXTENSION = xctest;
			};
			name = Debug;
		};
		7A2A15E41976EB9E00F6305E /* Release */ = {
			isa = XCBuildConfiguration;
			buildSettings = {
				BUNDLE_LOADER = "$(BUILT_PRODUCTS_DIR)/ControllingSource.app/ControllingSource";
				FRAMEWORK_SEARCH_PATHS = (
					"$(SDKROOT)/Developer/Library/Frameworks",
					"$(inherited)",
					"$(DEVELOPER_FRAMEWORKS_DIR)",
				);
				GCC_PRECOMPILE_PREFIX_HEADER = YES;
				GCC_PREFIX_HEADER = "ControllingSource/ControllingSource-Prefix.pch";
				INFOPLIST_FILE = "ControllingSourceTests/ControllingSourceTests-Info.plist";
				PRODUCT_NAME = "$(TARGET_NAME)";
				TEST_HOST = "$(BUNDLE_LOADER)";
				WRAPPER_EXTENSION = xctest;
			};
			name = Release;
		};
/* End XCBuildConfiguration section */

/* Begin XCConfigurationList section */
		7A2A159F1976EB9E00F6305E /* Build configuration list for PBXProject "ControllingSource" */ = {
			isa = XCConfigurationList;
			buildConfigurations = (
				7A2A15DD1976EB9E00F6305E /* Debug */,
				7A2A15DE1976EB9E00F6305E /* Release */,
			);
			defaultConfigurationIsVisible = 0;
			defaultConfigurationName = Release;
		};
		7A2A15DF1976EB9E00F6305E /* Build configuration list for PBXNativeTarget "ControllingSource" */ = {
			isa = XCConfigurationList;
			buildConfigurations = (
				7A2A15E01976EB9E00F6305E /* Debug */,
				7A2A15E11976EB9E00F6305E /* Release */,
			);
			defaultConfigurationIsVisible = 0;
		};
		7A2A15E21976EB9E00F6305E /* Build configuration list for PBXNativeTarget "ControllingSourceTests" */ = {
			isa = XCConfigurationList;
			buildConfigurations = (
				7A2A15E31976EB9E00F6305E /* Debug */,
				7A2A15E41976EB9E00F6305E /* Release */,
			);
			defaultConfigurationIsVisible = 0;
		};
/* End XCConfigurationList section */

/* Begin XCVersionGroup section */
		7A2A15BE1976EB9E00F6305E /* ControllingSource.xcdatamodeld */ = {
			isa = XCVersionGroup;
			children = (
				7A2A15BF1976EB9E00F6305E /* ControllingSource.xcdatamodel */,
			);
			currentVersion = 7A2A15BF1976EB9E00F6305E /* ControllingSource.xcdatamodel */;
			path = ControllingSource.xcdatamodeld;
			sourceTree = "<group>";
			versionGroupType = wrapper.xcdatamodel;
		};
/* End XCVersionGroup section */
	};
	rootObject = 7A2A159C1976EB9E00F6305E /* Project object */;
}
